
Microsoft Visual Studio Solution File, Format Version 12.00
# Visual Studio Version 16
VisualStudioVersion = 16.0.30804.86
MinimumVisualStudioVersion = 10.0.40219.1
Project("{9A19103F-16F7-4668-BE54-9A1E7A4F7556}") = "Asa.ApartmentManagement.Core", "ASa.ApartmentManagement.Core\Asa.ApartmentManagement.Core.csproj", "{064EBFC0-BF90-4E35-A67D-86FB55972D15}"
EndProject
Project("{9A19103F-16F7-4668-BE54-9A1E7A4F7556}") = "Asa.ApartmentSystem.API", "ASa.ApartmentSystem.API\Asa.ApartmentSystem.API.csproj", "{CDB12F46-18A9-410C-8585-00C3ECF7134D}"
EndProject
Project("{2150E333-8FDC-42A3-9474-1A3956D46DE8}") = "Asa.ApartmentManagment.Test", "Asa.ApartmentManagment.Test", "{8E361667-CA70-4735-B1BE-59A8C5ACB8EC}"
EndProject
Project("{9A19103F-16F7-4668-BE54-9A1E7A4F7556}") = "Asa.ApartmentManager.Core.Test", "Asa.ApartmentManager.Core.Test\Asa.ApartmentManager.Core.Test.csproj", "{26C7304A-DC93-47E6-A803-462DAE37D136}"
EndProject
Project("{9A19103F-16F7-4668-BE54-9A1E7A4F7556}") = "Asa.ApartmentManagement.Persistence", "Asa.ApartmentManagement.persistence\Asa.ApartmentManagement.Persistence.csproj", "{07F61D55-2034-4878-BAC1-94854B12741E}"
EndProject
Project("{9A19103F-16F7-4668-BE54-9A1E7A4F7556}") = "Asa.ApartmentManagement.ApplicationServices", "Asa.ApartmentManagement.ApplicationService\Asa.ApartmentManagement.ApplicationServices.csproj", "{240C02F0-0149-4478-BD30-31A1ECA6ED28}"
EndProject
Project("{00D1A9C2-B5F0-4AF3-8072-F6C62B433612}") = "Asa.ApartmentManager.DataBase", "Asa.ApartmentManager.DataBase\Asa.ApartmentManager.DataBase.sqlproj", "{A7963C0A-D7EC-45CC-90B7-29D8248E6AF4}"
EndProject
Global
	GlobalSection(SolutionConfigurationPlatforms) = preSolution
		Debug|Any CPU = Debug|Any CPU
		Release|Any CPU = Release|Any CPU
	EndGlobalSection
	GlobalSection(ProjectConfigurationPlatforms) = postSolution
		{064EBFC0-BF90-4E35-A67D-86FB55972D15}.Debug|Any CPU.ActiveCfg = Debug|Any CPU
		{064EBFC0-BF90-4E35-A67D-86FB55972D15}.Debug|Any CPU.Build.0 = Debug|Any CPU
		{064EBFC0-BF90-4E35-A67D-86FB55972D15}.Release|Any CPU.ActiveCfg = Release|Any CPU
		{064EBFC0-BF90-4E35-A67D-86FB55972D15}.Release|Any CPU.Build.0 = Release|Any CPU
		{CDB12F46-18A9-410C-8585-00C3ECF7134D}.Debug|Any CPU.ActiveCfg = Debug|Any CPU
		{CDB12F46-18A9-410C-8585-00C3ECF7134D}.Debug|Any CPU.Build.0 = Debug|Any CPU
		{CDB12F46-18A9-410C-8585-00C3ECF7134D}.Release|Any CPU.ActiveCfg = Release|Any CPU
		{CDB12F46-18A9-410C-8585-00C3ECF7134D}.Release|Any CPU.Build.0 = Release|Any CPU
		{26C7304A-DC93-47E6-A803-462DAE37D136}.Debug|Any CPU.ActiveCfg = Debug|Any CPU
		{26C7304A-DC93-47E6-A803-462DAE37D136}.Debug|Any CPU.Build.0 = Debug|Any CPU
		{26C7304A-DC93-47E6-A803-462DAE37D136}.Release|Any CPU.ActiveCfg = Release|Any CPU
		{26C7304A-DC93-47E6-A803-462DAE37D136}.Release|Any CPU.Build.0 = Release|Any CPU
		{07F61D55-2034-4878-BAC1-94854B12741E}.Debug|Any CPU.ActiveCfg = Debug|Any CPU
		{07F61D55-2034-4878-BAC1-94854B12741E}.Debug|Any CPU.Build.0 = Debug|Any CPU
		{07F61D55-2034-4878-BAC1-94854B12741E}.Release|Any CPU.ActiveCfg = Release|Any CPU
		{07F61D55-2034-4878-BAC1-94854B12741E}.Release|Any CPU.Build.0 = Release|Any CPU
		{240C02F0-0149-4478-BD30-31A1ECA6ED28}.Debug|Any CPU.ActiveCfg = Debug|Any CPU
		{240C02F0-0149-4478-BD30-31A1ECA6ED28}.Debug|Any CPU.Build.0 = Debug|Any CPU
		{240C02F0-0149-4478-BD30-31A1ECA6ED28}.Release|Any CPU.ActiveCfg = Release|Any CPU
		{240C02F0-0149-4478-BD30-31A1ECA6ED28}.Release|Any CPU.Build.0 = Release|Any CPU
		{A7963C0A-D7EC-45CC-90B7-29D8248E6AF4}.Debug|Any CPU.ActiveCfg = Debug|Any CPU
		{A7963C0A-D7EC-45CC-90B7-29D8248E6AF4}.Debug|Any CPU.Build.0 = Debug|Any CPU
		{A7963C0A-D7EC-45CC-90B7-29D8248E6AF4}.Debug|Any CPU.Deploy.0 = Debug|Any CPU
		{A7963C0A-D7EC-45CC-90B7-29D8248E6AF4}.Release|Any CPU.ActiveCfg = Release|Any CPU
		{A7963C0A-D7EC-45CC-90B7-29D8248E6AF4}.Release|Any CPU.Build.0 = Release|Any CPU
		{A7963C0A-D7EC-45CC-90B7-29D8248E6AF4}.Release|Any CPU.Deploy.0 = Release|Any CPU
	EndGlobalSection
	GlobalSection(SolutionProperties) = preSolution
		HideSolutionNode = FALSE
	EndGlobalSection
	GlobalSection(NestedProjects) = preSolution
		{26C7304A-DC93-47E6-A803-462DAE37D136} = {8E361667-CA70-4735-B1BE-59A8C5ACB8EC}
	EndGlobalSection
	GlobalSection(ExtensibilityGlobals) = postSolution
		SolutionGuid = {E9A02375-8C91-4853-82BE-2FEE03A5B630}
	EndGlobalSection
EndGlobal
